
Microsoft Visual Studio Solution File, Format Version 12.00
# Visual Studio 15
VisualStudioVersion = 15.0.28307.136
MinimumVisualStudioVersion = 10.0.40219.1
Project("{FAE04EC0-301F-11D3-BF4B-00C04F79EFBC}") = "Ex2-ProfessorStudentCourse", "Ex2-ProfessorStudentCourse\Ex2-ProfessorStudentCourse.csproj", "{EC1781A6-D032-4284-ADC5-BC72932A85CF}"
EndProject
Global
	GlobalSection(SolutionConfigurationPlatforms) = preSolution
		Debug|Any CPU = Debug|Any CPU
		Release|Any CPU = Release|Any CPU
	EndGlobalSection
	GlobalSection(ProjectConfigurationPlatforms) = postSolution
		{EC1781A6-D032-4284-ADC5-BC72932A85CF}.Debug|Any CPU.ActiveCfg = Debug|Any CPU
		{EC1781A6-D032-4284-ADC5-BC72932A85CF}.Debug|Any CPU.Build.0 = Debug|Any CPU
		{EC1781A6-D032-4284-ADC5-BC72932A85CF}.Release|Any CPU.ActiveCfg = Release|Any CPU
		{EC1781A6-D032-4284-ADC5-BC72932A85CF}.Release|Any CPU.Build.0 = Release|Any CPU
	EndGlobalSection
	GlobalSection(SolutionProperties) = preSolution
		HideSolutionNode = FALSE
	EndGlobalSection
	GlobalSection(ExtensibilityGlobals) = postSolution
		SolutionGuid = {0E750207-CEFD-4ED9-AABA-2496F6AB55C7}
	EndGlobalSection
EndGlobal
